
Microsoft Visual Studio Solution File, Format Version 12.00
# Visual Studio Version 17
VisualStudioVersion = 17.3.32922.545
MinimumVisualStudioVersion = 10.0.40219.1
Project("{9A19103F-16F7-4668-BE54-9A1E7A4F7556}") = "2048WinFormsApp", "2048WinFormsApp\2048WinFormsApp.csproj", "{7270F7F8-A801-42B7-9DE2-B2BC0AAD9B85}"
EndProject
Project("{FAE04EC0-301F-11D3-BF4B-00C04F79EFBC}") = "2048GameClassLibrary", "2048GameClassLibrary\2048GameClassLibrary.csproj", "{87D7CD1C-4C0B-4603-BDB1-52C58BED0FC4}"
EndProject
Global
	GlobalSection(SolutionConfigurationPlatforms) = preSolution
		Debug|Any CPU = Debug|Any CPU
		Release|Any CPU = Release|Any CPU
	EndGlobalSection
	GlobalSection(ProjectConfigurationPlatforms) = postSolution
		{7270F7F8-A801-42B7-9DE2-B2BC0AAD9B85}.Debug|Any CPU.ActiveCfg = Debug|Any CPU
		{7270F7F8-A801-42B7-9DE2-B2BC0AAD9B85}.Debug|Any CPU.Build.0 = Debug|Any CPU
		{7270F7F8-A801-42B7-9DE2-B2BC0AAD9B85}.Release|Any CPU.ActiveCfg = Release|Any CPU
		{7270F7F8-A801-42B7-9DE2-B2BC0AAD9B85}.Release|Any CPU.Build.0 = Release|Any CPU
		{87D7CD1C-4C0B-4603-BDB1-52C58BED0FC4}.Debug|Any CPU.ActiveCfg = Debug|Any CPU
		{87D7CD1C-4C0B-4603-BDB1-52C58BED0FC4}.Debug|Any CPU.Build.0 = Debug|Any CPU
		{87D7CD1C-4C0B-4603-BDB1-52C58BED0FC4}.Release|Any CPU.ActiveCfg = Release|Any CPU
		{87D7CD1C-4C0B-4603-BDB1-52C58BED0FC4}.Release|Any CPU.Build.0 = Release|Any CPU
	EndGlobalSection
	GlobalSection(SolutionProperties) = preSolution
		HideSolutionNode = FALSE
	EndGlobalSection
	GlobalSection(ExtensibilityGlobals) = postSolution
		SolutionGuid = {62C925AD-0EBA-44AA-8C89-7B31DD5865B9}
	EndGlobalSection
EndGlobal
